
Microsoft Visual Studio Solution File, Format Version 12.00
# Visual Studio 2015
Project("{FAE04EC0-301F-11D3-BF4B-00C04F79EFBC}") = "Model001.CSharp", "Model001.CSharp.csproj", "{2DB0D11F-58DE-C812-627F-BC24DE47B839}"
EndProject
Project("{FAE04EC0-301F-11D3-BF4B-00C04F79EFBC}") = "Model001.CSharp.Editor", "Model001.CSharp.Editor.csproj", "{BA49B083-0C20-855F-B10A-06641006740D}"
EndProject
Global
	GlobalSection(SolutionConfigurationPlatforms) = preSolution
		Debug|Any CPU = Debug|Any CPU
		Release|Any CPU = Release|Any CPU
	EndGlobalSection
	GlobalSection(ProjectConfigurationPlatforms) = postSolution
		{2DB0D11F-58DE-C812-627F-BC24DE47B839}.Debug|Any CPU.ActiveCfg = Debug|Any CPU
		{2DB0D11F-58DE-C812-627F-BC24DE47B839}.Debug|Any CPU.Build.0 = Debug|Any CPU
		{2DB0D11F-58DE-C812-627F-BC24DE47B839}.Release|Any CPU.ActiveCfg = Release|Any CPU
		{2DB0D11F-58DE-C812-627F-BC24DE47B839}.Release|Any CPU.Build.0 = Release|Any CPU
		{BA49B083-0C20-855F-B10A-06641006740D}.Debug|Any CPU.ActiveCfg = Debug|Any CPU
		{BA49B083-0C20-855F-B10A-06641006740D}.Debug|Any CPU.Build.0 = Debug|Any CPU
		{BA49B083-0C20-855F-B10A-06641006740D}.Release|Any CPU.ActiveCfg = Release|Any CPU
		{BA49B083-0C20-855F-B10A-06641006740D}.Release|Any CPU.Build.0 = Release|Any CPU
	EndGlobalSection
	GlobalSection(SolutionProperties) = preSolution
		HideSolutionNode = FALSE
	EndGlobalSection
EndGlobal
